
Microsoft Visual Studio Solution File, Format Version 12.00
# Visual Studio 15
VisualStudioVersion = 15.0.28307.852
MinimumVisualStudioVersion = 10.0.40219.1
Project("{FAE04EC0-301F-11D3-BF4B-00C04F79EFBC}") = "MVCTemplate", "MVCTemplate\MVCTemplate.csproj", "{6CB3297E-E85D-4F55-B320-CC43C8ACA66D}"
EndProject
Global
	GlobalSection(SolutionConfigurationPlatforms) = preSolution
		Debug|Any CPU = Debug|Any CPU
		Release|Any CPU = Release|Any CPU
	EndGlobalSection
	GlobalSection(ProjectConfigurationPlatforms) = postSolution
		{6CB3297E-E85D-4F55-B320-CC43C8ACA66D}.Debug|Any CPU.ActiveCfg = Debug|Any CPU
		{6CB3297E-E85D-4F55-B320-CC43C8ACA66D}.Debug|Any CPU.Build.0 = Debug|Any CPU
		{6CB3297E-E85D-4F55-B320-CC43C8ACA66D}.Release|Any CPU.ActiveCfg = Release|Any CPU
		{6CB3297E-E85D-4F55-B320-CC43C8ACA66D}.Release|Any CPU.Build.0 = Release|Any CPU
	EndGlobalSection
	GlobalSection(SolutionProperties) = preSolution
		HideSolutionNode = FALSE
	EndGlobalSection
	GlobalSection(ExtensibilityGlobals) = postSolution
		SolutionGuid = {1DC1F444-A167-4C83-98C9-1F7CD787314F}
	EndGlobalSection
EndGlobal
